
Microsoft Visual Studio Solution File, Format Version 12.00
# Visual Studio Version 17
VisualStudioVersion = 17.13.35825.156 d17.13
MinimumVisualStudioVersion = 10.0.40219.1
Project("{FAE04EC0-301F-11D3-BF4B-00C04F79EFBC}") = "Task-3", "Task-3.csproj", "{717A5802-8819-4295-910F-8F90BF9A5B7C}"
EndProject
Global
	GlobalSection(SolutionConfigurationPlatforms) = preSolution
		Debug|Any CPU = Debug|Any CPU
		Release|Any CPU = Release|Any CPU
	EndGlobalSection
	GlobalSection(ProjectConfigurationPlatforms) = postSolution
		{717A5802-8819-4295-910F-8F90BF9A5B7C}.Debug|Any CPU.ActiveCfg = Debug|Any CPU
		{717A5802-8819-4295-910F-8F90BF9A5B7C}.Debug|Any CPU.Build.0 = Debug|Any CPU
		{717A5802-8819-4295-910F-8F90BF9A5B7C}.Release|Any CPU.ActiveCfg = Release|Any CPU
		{717A5802-8819-4295-910F-8F90BF9A5B7C}.Release|Any CPU.Build.0 = Release|Any CPU
	EndGlobalSection
	GlobalSection(SolutionProperties) = preSolution
		HideSolutionNode = FALSE
	EndGlobalSection
	GlobalSection(ExtensibilityGlobals) = postSolution
		SolutionGuid = {475220F0-C997-42F4-92F4-0C5BDEDAF0F5}
	EndGlobalSection
EndGlobal
