
Microsoft Visual Studio Solution File, Format Version 12.00
# Visual Studio Version 17
VisualStudioVersion = 17.14.36310.24 d17.14
MinimumVisualStudioVersion = 10.0.40219.1
Project("{FAE04EC0-301F-11D3-BF4B-00C04F79EFBC}") = "DEMO", "DEMO.csproj", "{97424919-0275-4C46-B00B-7E26FDFF212A}"
EndProject
Project("{FAE04EC0-301F-11D3-BF4B-00C04F79EFBC}") = "TASK", "..\TASK\TASK.csproj", "{63A109C2-9629-453D-9079-CDA31CE4EBC7}"
EndProject
Global
	GlobalSection(SolutionConfigurationPlatforms) = preSolution
		Debug|Any CPU = Debug|Any CPU
		Release|Any CPU = Release|Any CPU
	EndGlobalSection
	GlobalSection(ProjectConfigurationPlatforms) = postSolution
		{97424919-0275-4C46-B00B-7E26FDFF212A}.Debug|Any CPU.ActiveCfg = Debug|Any CPU
		{97424919-0275-4C46-B00B-7E26FDFF212A}.Debug|Any CPU.Build.0 = Debug|Any CPU
		{97424919-0275-4C46-B00B-7E26FDFF212A}.Release|Any CPU.ActiveCfg = Release|Any CPU
		{97424919-0275-4C46-B00B-7E26FDFF212A}.Release|Any CPU.Build.0 = Release|Any CPU
		{63A109C2-9629-453D-9079-CDA31CE4EBC7}.Debug|Any CPU.ActiveCfg = Debug|Any CPU
		{63A109C2-9629-453D-9079-CDA31CE4EBC7}.Debug|Any CPU.Build.0 = Debug|Any CPU
		{63A109C2-9629-453D-9079-CDA31CE4EBC7}.Release|Any CPU.ActiveCfg = Release|Any CPU
		{63A109C2-9629-453D-9079-CDA31CE4EBC7}.Release|Any CPU.Build.0 = Release|Any CPU
	EndGlobalSection
	GlobalSection(SolutionProperties) = preSolution
		HideSolutionNode = FALSE
	EndGlobalSection
	GlobalSection(ExtensibilityGlobals) = postSolution
		SolutionGuid = {F4E09993-8D75-43F4-8260-12504E2A7FEE}
	EndGlobalSection
EndGlobal
